
Microsoft Visual Studio Solution File, Format Version 12.00
# Visual Studio Version 16
VisualStudioVersion = 16.0.30611.23
MinimumVisualStudioVersion = 15.0.26124.0
Project("{2150E333-8FDC-42A3-9474-1A3956D46DE8}") = "src", "src", "{B2EBCF82-642E-48F5-8CE8-9F7E960C99EF}"
EndProject
Project("{2150E333-8FDC-42A3-9474-1A3956D46DE8}") = "1. project", "1. project", "{B15D4A56-D9F3-4CE6-8D51-56131F750602}"
	ProjectSection(SolutionItems) = preProject
		.editorconfig = .editorconfig
		.gitignore = .gitignore
		account_link_logic.png = account_link_logic.png
		Dockerfile = Dockerfile
		NuGet.config = NuGet.config
		README.md = README.md
	EndProjectSection
EndProject
Project("{9A19103F-16F7-4668-BE54-9A1E7A4F7556}") = "Faforever.Qai.Irc", "src\Faforever.Qai.Irc\Faforever.Qai.Irc.csproj", "{B8863C62-1F84-4DDB-85D9-EE48444DB1EE}"
EndProject
Project("{9A19103F-16F7-4668-BE54-9A1E7A4F7556}") = "Faforever.Qai.Discord", "src\Faforever.Qai.Discord\Faforever.Qai.Discord.csproj", "{97873F8E-DEB8-4426-B711-CDAB0AB85DF7}"
EndProject
Project("{9A19103F-16F7-4668-BE54-9A1E7A4F7556}") = "Faforever.Qai.Core", "src\Faforever.Qai.Core\Faforever.Qai.Core.csproj", "{EC506444-40A0-43D5-BFB4-87AC37F58201}"
EndProject
Project("{2150E333-8FDC-42A3-9474-1A3956D46DE8}") = "Solution Items", "Solution Items", "{05A1BB78-C4E7-4831-AAAF-ECF0BE5187C6}"
	ProjectSection(SolutionItems) = preProject
		.editorconfig = .editorconfig
	EndProjectSection
EndProject
Project("{2150E333-8FDC-42A3-9474-1A3956D46DE8}") = "tests", "tests", "{30AA2695-8241-4B9F-A48B-BF269E57A3E2}"
EndProject
Project("{2150E333-8FDC-42A3-9474-1A3956D46DE8}") = "2. workflows", "2. workflows", "{D2A3737D-FF62-4419-A076-1FD06B4D01D3}"
	ProjectSection(SolutionItems) = preProject
		.github\workflows\ci.yml = .github\workflows\ci.yml
	EndProjectSection
EndProject
Project("{9A19103F-16F7-4668-BE54-9A1E7A4F7556}") = "Faforever.Qai", "src\Faforever.Qai\Faforever.Qai.csproj", "{8077B7EF-EB33-4CA8-A2E1-E2577D22421E}"
EndProject
Project("{9A19103F-16F7-4668-BE54-9A1E7A4F7556}") = "Faforever.Qai.Core.Tests", "tests\Faforever.Qai.Core.Tests\Faforever.Qai.Core.Tests.csproj", "{B504807E-E699-4BFC-97E8-79FD110359D9}"
	ProjectSection(ProjectDependencies) = postProject
		{EC506444-40A0-43D5-BFB4-87AC37F58201} = {EC506444-40A0-43D5-BFB4-87AC37F58201}
	EndProjectSection
EndProject
Global
	GlobalSection(SolutionConfigurationPlatforms) = preSolution
		Debug|Any CPU = Debug|Any CPU
		Debug|x64 = Debug|x64
		Debug|x86 = Debug|x86
		Release|Any CPU = Release|Any CPU
		Release|x64 = Release|x64
		Release|x86 = Release|x86
	EndGlobalSection
	GlobalSection(ProjectConfigurationPlatforms) = postSolution
		{B8863C62-1F84-4DDB-85D9-EE48444DB1EE}.Debug|Any CPU.ActiveCfg = Debug|Any CPU
		{B8863C62-1F84-4DDB-85D9-EE48444DB1EE}.Debug|Any CPU.Build.0 = Debug|Any CPU
		{B8863C62-1F84-4DDB-85D9-EE48444DB1EE}.Debug|x64.ActiveCfg = Debug|Any CPU
		{B8863C62-1F84-4DDB-85D9-EE48444DB1EE}.Debug|x64.Build.0 = Debug|Any CPU
		{B8863C62-1F84-4DDB-85D9-EE48444DB1EE}.Debug|x86.ActiveCfg = Debug|Any CPU
		{B8863C62-1F84-4DDB-85D9-EE48444DB1EE}.Debug|x86.Build.0 = Debug|Any CPU
		{B8863C62-1F84-4DDB-85D9-EE48444DB1EE}.Release|Any CPU.ActiveCfg = Release|Any CPU
		{B8863C62-1F84-4DDB-85D9-EE48444DB1EE}.Release|Any CPU.Build.0 = Release|Any CPU
		{B8863C62-1F84-4DDB-85D9-EE48444DB1EE}.Release|x64.ActiveCfg = Release|Any CPU
		{B8863C62-1F84-4DDB-85D9-EE48444DB1EE}.Release|x64.Build.0 = Release|Any CPU
		{B8863C62-1F84-4DDB-85D9-EE48444DB1EE}.Release|x86.ActiveCfg = Release|Any CPU
		{B8863C62-1F84-4DDB-85D9-EE48444DB1EE}.Release|x86.Build.0 = Release|Any CPU
		{97873F8E-DEB8-4426-B711-CDAB0AB85DF7}.Debug|Any CPU.ActiveCfg = Debug|Any CPU
		{97873F8E-DEB8-4426-B711-CDAB0AB85DF7}.Debug|Any CPU.Build.0 = Debug|Any CPU
		{97873F8E-DEB8-4426-B711-CDAB0AB85DF7}.Debug|x64.ActiveCfg = Debug|Any CPU
		{97873F8E-DEB8-4426-B711-CDAB0AB85DF7}.Debug|x64.Build.0 = Debug|Any CPU
		{97873F8E-DEB8-4426-B711-CDAB0AB85DF7}.Debug|x86.ActiveCfg = Debug|Any CPU
		{97873F8E-DEB8-4426-B711-CDAB0AB85DF7}.Debug|x86.Build.0 = Debug|Any CPU
		{97873F8E-DEB8-4426-B711-CDAB0AB85DF7}.Release|Any CPU.ActiveCfg = Release|Any CPU
		{97873F8E-DEB8-4426-B711-CDAB0AB85DF7}.Release|Any CPU.Build.0 = Release|Any CPU
		{97873F8E-DEB8-4426-B711-CDAB0AB85DF7}.Release|x64.ActiveCfg = Release|Any CPU
		{97873F8E-DEB8-4426-B711-CDAB0AB85DF7}.Release|x64.Build.0 = Release|Any CPU
		{97873F8E-DEB8-4426-B711-CDAB0AB85DF7}.Release|x86.ActiveCfg = Release|Any CPU
		{97873F8E-DEB8-4426-B711-CDAB0AB85DF7}.Release|x86.Build.0 = Release|Any CPU
		{EC506444-40A0-43D5-BFB4-87AC37F58201}.Debug|Any CPU.ActiveCfg = Debug|Any CPU
		{EC506444-40A0-43D5-BFB4-87AC37F58201}.Debug|Any CPU.Build.0 = Debug|Any CPU
		{EC506444-40A0-43D5-BFB4-87AC37F58201}.Debug|x64.ActiveCfg = Debug|Any CPU
		{EC506444-40A0-43D5-BFB4-87AC37F58201}.Debug|x64.Build.0 = Debug|Any CPU
		{EC506444-40A0-43D5-BFB4-87AC37F58201}.Debug|x86.ActiveCfg = Debug|Any CPU
		{EC506444-40A0-43D5-BFB4-87AC37F58201}.Debug|x86.Build.0 = Debug|Any CPU
		{EC506444-40A0-43D5-BFB4-87AC37F58201}.Release|Any CPU.ActiveCfg = Release|Any CPU
		{EC506444-40A0-43D5-BFB4-87AC37F58201}.Release|Any CPU.Build.0 = Release|Any CPU
		{EC506444-40A0-43D5-BFB4-87AC37F58201}.Release|x64.ActiveCfg = Release|Any CPU
		{EC506444-40A0-43D5-BFB4-87AC37F58201}.Release|x64.Build.0 = Release|Any CPU
		{EC506444-40A0-43D5-BFB4-87AC37F58201}.Release|x86.ActiveCfg = Release|Any CPU
		{EC506444-40A0-43D5-BFB4-87AC37F58201}.Release|x86.Build.0 = Release|Any CPU
		{8077B7EF-EB33-4CA8-A2E1-E2577D22421E}.Debug|Any CPU.ActiveCfg = Debug|Any CPU
		{8077B7EF-EB33-4CA8-A2E1-E2577D22421E}.Debug|Any CPU.Build.0 = Debug|Any CPU
		{8077B7EF-EB33-4CA8-A2E1-E2577D22421E}.Debug|x64.ActiveCfg = Debug|Any CPU
		{8077B7EF-EB33-4CA8-A2E1-E2577D22421E}.Debug|x64.Build.0 = Debug|Any CPU
		{8077B7EF-EB33-4CA8-A2E1-E2577D22421E}.Debug|x86.ActiveCfg = Debug|Any CPU
		{8077B7EF-EB33-4CA8-A2E1-E2577D22421E}.Debug|x86.Build.0 = Debug|Any CPU
		{8077B7EF-EB33-4CA8-A2E1-E2577D22421E}.Release|Any CPU.ActiveCfg = Release|Any CPU
		{8077B7EF-EB33-4CA8-A2E1-E2577D22421E}.Release|Any CPU.Build.0 = Release|Any CPU
		{8077B7EF-EB33-4CA8-A2E1-E2577D22421E}.Release|x64.ActiveCfg = Release|Any CPU
		{8077B7EF-EB33-4CA8-A2E1-E2577D22421E}.Release|x64.Build.0 = Release|Any CPU
		{8077B7EF-EB33-4CA8-A2E1-E2577D22421E}.Release|x86.ActiveCfg = Release|Any CPU
		{8077B7EF-EB33-4CA8-A2E1-E2577D22421E}.Release|x86.Build.0 = Release|Any CPU
		{B504807E-E699-4BFC-97E8-79FD110359D9}.Debug|Any CPU.ActiveCfg = Debug|Any CPU
		{B504807E-E699-4BFC-97E8-79FD110359D9}.Debug|Any CPU.Build.0 = Debug|Any CPU
		{B504807E-E699-4BFC-97E8-79FD110359D9}.Debug|x64.ActiveCfg = Debug|Any CPU
		{B504807E-E699-4BFC-97E8-79FD110359D9}.Debug|x64.Build.0 = Debug|Any CPU
		{B504807E-E699-4BFC-97E8-79FD110359D9}.Debug|x86.ActiveCfg = Debug|Any CPU
		{B504807E-E699-4BFC-97E8-79FD110359D9}.Debug|x86.Build.0 = Debug|Any CPU
		{B504807E-E699-4BFC-97E8-79FD110359D9}.Release|Any CPU.ActiveCfg = Release|Any CPU
		{B504807E-E699-4BFC-97E8-79FD110359D9}.Release|Any CPU.Build.0 = Release|Any CPU
		{B504807E-E699-4BFC-97E8-79FD110359D9}.Release|x64.ActiveCfg = Release|Any CPU
		{B504807E-E699-4BFC-97E8-79FD110359D9}.Release|x64.Build.0 = Release|Any CPU
		{B504807E-E699-4BFC-97E8-79FD110359D9}.Release|x86.ActiveCfg = Release|Any CPU
		{B504807E-E699-4BFC-97E8-79FD110359D9}.Release|x86.Build.0 = Release|Any CPU
	EndGlobalSection
	GlobalSection(SolutionProperties) = preSolution
		HideSolutionNode = FALSE
	EndGlobalSection
	GlobalSection(NestedProjects) = preSolution
		{B8863C62-1F84-4DDB-85D9-EE48444DB1EE} = {B2EBCF82-642E-48F5-8CE8-9F7E960C99EF}
		{97873F8E-DEB8-4426-B711-CDAB0AB85DF7} = {B2EBCF82-642E-48F5-8CE8-9F7E960C99EF}
		{EC506444-40A0-43D5-BFB4-87AC37F58201} = {B2EBCF82-642E-48F5-8CE8-9F7E960C99EF}
		{8077B7EF-EB33-4CA8-A2E1-E2577D22421E} = {B2EBCF82-642E-48F5-8CE8-9F7E960C99EF}
		{B504807E-E699-4BFC-97E8-79FD110359D9} = {30AA2695-8241-4B9F-A48B-BF269E57A3E2}
	EndGlobalSection
	GlobalSection(ExtensibilityGlobals) = postSolution
		SolutionGuid = {D4A2D98B-00C7-496C-98A8-D3E35BE61FFD}
	EndGlobalSection
EndGlobal
